{
  "name": "05.apirest-nodejs-ts-express-sequelize",
  "version": "1.0.0",
  "lockfileVersion": 3,
  "requires": true,
  "packages": {
    "": {
      "name": "05.apirest-nodejs-ts-express-sequelize",
      "version": "1.0.0",
      "license": "ISC",
      "dependencies": {
        "@types/typescript": "^0.4.29",
        "typescript": "^5.7.3"
      }
    },
    "node_modules/@types/typescript": {
      "version": "0.4.29",
      "resolved": "https://registry.npmjs.org/@types/typescript/-/typescript-0.4.29.tgz",
      "integrity": "sha512-xNMrowAG/I8ONu0ggJsqVNR2G2usn1aCkf8cWnzAPG/W4tTQH9PaVyizf7164cevBMAgv81t2qEETehj+N37Rw==",
      "license": "MIT"
    },
    "node_modules/typescript": {
      "version": "5.7.3",
      "resolved": "https://registry.npmjs.org/typescript/-/typescript-5.7.3.tgz",
      "integrity": "sha512-84MVSjMEHP+FQRPy3pX9sTVV/INIex71s9TL2Gm5FG/WG1SqXeKyZ0k7/blY/4FdOzI12CBy1vGc4og/eus0fw==",
      "license": "Apache-2.0",
      "bin": {
        "tsc": "bin/tsc",
        "tsserver": "bin/tsserver"
      },
      "engines": {
        "node": ">=14.17"
      }
    }
  }
}
